
Microsoft Visual Studio Solution File, Format Version 9.00
# Visual Studio 2005
Project("{8BC9CEB8-8B4A-11D0-8D11-00A0C91BC942}") = "DRegZ", "DRegZ\DRegZ.vcproj", "{3244AF02-1021-4A3E-9B8F-AE64120CE005}"
EndProject
Global
	GlobalSection(SolutionConfigurationPlatforms) = preSolution
		Debug|Win32 = Debug|Win32
		Release|Win32 = Release|Win32
	EndGlobalSection
	GlobalSection(ProjectConfigurationPlatforms) = postSolution
		{3244AF02-1021-4A3E-9B8F-AE64120CE005}.Debug|Win32.ActiveCfg = Debug|Win32
		{3244AF02-1021-4A3E-9B8F-AE64120CE005}.Debug|Win32.Build.0 = Debug|Win32
		{3244AF02-1021-4A3E-9B8F-AE64120CE005}.Release|Win32.ActiveCfg = Release|Win32
		{3244AF02-1021-4A3E-9B8F-AE64120CE005}.Release|Win32.Build.0 = Release|Win32
	EndGlobalSection
	GlobalSection(SolutionProperties) = preSolution
		HideSolutionNode = FALSE
	EndGlobalSection
EndGlobal
